// !$*UTF8*$!
{
	archiveVersion = 1;
	classes = {
	};
	objectVersion = 46;
	objects = {

/* Begin PBXBuildFile section */
		E337ED7F1A552F2000901AD3 /* main.m in Sources */ = {isa = PBXBuildFile; fileRef = E337ED7E1A552F2000901AD3 /* main.m */; };
		E337ED821A552F2000901AD3 /* AppDelegate.m in Sources */ = {isa = PBXBuildFile; fileRef = E337ED811A552F2000901AD3 /* AppDelegate.m */; };
		E337ED851A552F2000901AD3 /* Spur.xcdatamodeld in Sources */ = {isa = PBXBuildFile; fileRef = E337ED831A552F2000901AD3 /* Spur.xcdatamodeld */; };
		E337ED881A552F2000901AD3 /* LandingPageViewController.m in Sources */ = {isa = PBXBuildFile; fileRef = E337ED871A552F2000901AD3 /* LandingPageViewController.m */; };
		E337ED8B1A552F2000901AD3 /* Main.storyboard in Resources */ = {isa = PBXBuildFile; fileRef = E337ED891A552F2000901AD3 /* Main.storyboard */; };
		E337ED8D1A552F2000901AD3 /* Images.xcassets in Resources */ = {isa = PBXBuildFile; fileRef = E337ED8C1A552F2000901AD3 /* Images.xcassets */; };
		E337ED901A552F2000901AD3 /* LaunchScreen.xib in Resources */ = {isa = PBXBuildFile; fileRef = E337ED8E1A552F2000901AD3 /* LaunchScreen.xib */; };
		E337ED9C1A552F2100901AD3 /* SpurTests.m in Sources */ = {isa = PBXBuildFile; fileRef = E337ED9B1A552F2100901AD3 /* SpurTests.m */; };
/* End PBXBuildFile section */

/* Begin PBXContainerItemProxy section */
		E337ED961A552F2100901AD3 /* PBXContainerItemProxy */ = {
			isa = PBXContainerItemProxy;
			containerPortal = E337ED711A552F2000901AD3 /* Project object */;
			proxyType = 1;
			remoteGlobalIDString = E337ED781A552F2000901AD3;
			remoteInfo = Spur;
		};
/* End PBXContainerItemProxy section */

/* Begin PBXFileReference section */
		E337ED791A552F2000901AD3 /* Spur.app */ = {isa = PBXFileReference; explicitFileType = wrapper.application; includeInIndex = 0; path = Spur.app; sourceTree = BUILT_PRODUCTS_DIR; };
		E337ED7D1A552F2000901AD3 /* Info.plist */ = {isa = PBXFileReference; lastKnownFileType = text.plist.xml; path = Info.plist; sourceTree = "<group>"; };
		E337ED7E1A552F2000901AD3 /* main.m */ = {isa = PBXFileReference; lastKnownFileType = sourcecode.c.objc; path = main.m; sourceTree = "<group>"; };
		E337ED801A552F2000901AD3 /* AppDelegate.h */ = {isa = PBXFileReference; lastKnownFileType = sourcecode.c.h; path = AppDelegate.h; sourceTree = "<group>"; };
		E337ED811A552F2000901AD3 /* AppDelegate.m */ = {isa = PBXFileReference; lastKnownFileType = sourcecode.c.objc; path = AppDelegate.m; sourceTree = "<group>"; };
		E337ED841A552F2000901AD3 /* Spur.xcdatamodel */ = {isa = PBXFileReference; lastKnownFileType = wrapper.xcdatamodel; path = Spur.xcdatamodel; sourceTree = "<group>"; };
		E337ED861A552F2000901AD3 /* LandingPageViewController.h */ = {isa = PBXFileReference; lastKnownFileType = sourcecode.c.h; path = LandingPageViewController.h; sourceTree = "<group>"; };
		E337ED871A552F2000901AD3 /* LandingPageViewController.m */ = {isa = PBXFileReference; lastKnownFileType = sourcecode.c.objc; path = LandingPageViewController.m; sourceTree = "<group>"; };
		E337ED8A1A552F2000901AD3 /* Base */ = {isa = PBXFileReference; lastKnownFileType = file.storyboard; name = Base; path = Base.lproj/Main.storyboard; sourceTree = "<group>"; };
		E337ED8C1A552F2000901AD3 /* Images.xcassets */ = {isa = PBXFileReference; lastKnownFileType = folder.assetcatalog; path = Images.xcassets; sourceTree = "<group>"; };
		E337ED8F1A552F2000901AD3 /* Base */ = {isa = PBXFileReference; lastKnownFileType = file.xib; name = Base; path = Base.lproj/LaunchScreen.xib; sourceTree = "<group>"; };
		E337ED951A552F2100901AD3 /* SpurTests.xctest */ = {isa = PBXFileReference; explicitFileType = wrapper.cfbundle; includeInIndex = 0; path = SpurTests.xctest; sourceTree = BUILT_PRODUCTS_DIR; };
		E337ED9A1A552F2100901AD3 /* Info.plist */ = {isa = PBXFileReference; lastKnownFileType = text.plist.xml; path = Info.plist; sourceTree = "<group>"; };
		E337ED9B1A552F2100901AD3 /* SpurTests.m */ = {isa = PBXFileReference; lastKnownFileType = sourcecode.c.objc; path = SpurTests.m; sourceTree = "<group>"; };
/* End PBXFileReference section */

/* Begin PBXFrameworksBuildPhase section */
		E337ED761A552F2000901AD3 /* Frameworks */ = {
			isa = PBXFrameworksBuildPhase;
			buildActionMask = 2147483647;
			files = (
			);
			runOnlyForDeploymentPostprocessing = 0;
		};
		E337ED921A552F2100901AD3 /* Frameworks */ = {
			isa = PBXFrameworksBuildPhase;
			buildActionMask = 2147483647;
			files = (
			);
			runOnlyForDeploymentPostprocessing = 0;
		};
/* End PBXFrameworksBuildPhase section */

/* Begin PBXGroup section */
		E337ED701A552F2000901AD3 = {
			isa = PBXGroup;
			children = (
				E337ED7B1A552F2000901AD3 /* Spur */,
				E337ED981A552F2100901AD3 /* SpurTests */,
				E337ED7A1A552F2000901AD3 /* Products */,
			);
			sourceTree = "<group>";
		};
		E337ED7A1A552F2000901AD3 /* Products */ = {
			isa = PBXGroup;
			children = (
				E337ED791A552F2000901AD3 /* Spur.app */,
				E337ED951A552F2100901AD3 /* SpurTests.xctest */,
			);
			name = Products;
			sourceTree = "<group>";
		};
		E337ED7B1A552F2000901AD3 /* Spur */ = {
			isa = PBXGroup;
			children = (
				E337ED801A552F2000901AD3 /* AppDelegate.h */,
				E337ED811A552F2000901AD3 /* AppDelegate.m */,
				E337ED861A552F2000901AD3 /* LandingPageViewController.h */,
				E337ED871A552F2000901AD3 /* LandingPageViewController.m */,
				E337ED891A552F2000901AD3 /* Main.storyboard */,
				E337ED8C1A552F2000901AD3 /* Images.xcassets */,
				E337ED8E1A552F2000901AD3 /* LaunchScreen.xib */,
				E337ED831A552F2000901AD3 /* Spur.xcdatamodeld */,
				E337ED7C1A552F2000901AD3 /* Supporting Files */,
			);
			path = Spur;
			sourceTree = "<group>";
		};
		E337ED7C1A552F2000901AD3 /* Supporting Files */ = {
			isa = PBXGroup;
			children = (
				E337ED7D1A552F2000901AD3 /* Info.plist */,
				E337ED7E1A552F2000901AD3 /* main.m */,
			);
			name = "Supporting Files";
			sourceTree = "<group>";
		};
		E337ED981A552F2100901AD3 /* SpurTests */ = {
			isa = PBXGroup;
			children = (
				E337ED9B1A552F2100901AD3 /* SpurTests.m */,
				E337ED991A552F2100901AD3 /* Supporting Files */,
			);
			path = SpurTests;
			sourceTree = "<group>";
		};
		E337ED991A552F2100901AD3 /* Supporting Files */ = {
			isa = PBXGroup;
			children = (
				E337ED9A1A552F2100901AD3 /* Info.plist */,
			);
			name = "Supporting Files";
			sourceTree = "<group>";
		};
/* End PBXGroup section */

/* Begin PBXNativeTarget section */
		E337ED781A552F2000901AD3 /* Spur */ = {
			isa = PBXNativeTarget;
			buildConfigurationList = E337ED9F1A552F2100901AD3 /* Build configuration list for PBXNativeTarget "Spur" */;
			buildPhases = (
				E337ED751A552F2000901AD3 /* Sources */,
				E337ED761A552F2000901AD3 /* Frameworks */,
				E337ED771A552F2000901AD3 /* Resources */,
			);
			buildRules = (
			);
			dependencies = (
			);
			name = Spur;
			productName = Spur;
			productReference = E337ED791A552F2000901AD3 /* Spur.app */;
			productType = "com.apple.product-type.application";
		};
		E337ED941A552F2100901AD3 /* SpurTests */ = {
			isa = PBXNativeTarget;
			buildConfigurationList = E337EDA21A552F2100901AD3 /* Build configuration list for PBXNativeTarget "SpurTests" */;
			buildPhases = (
				E337ED911A552F2100901AD3 /* Sources */,
				E337ED921A552F2100901AD3 /* Frameworks */,
				E337ED931A552F2100901AD3 /* Resources */,
			);
			buildRules = (
			);
			dependencies = (
				E337ED971A552F2100901AD3 /* PBXTargetDependency */,
			);
			name = SpurTests;
			productName = SpurTests;
			productReference = E337ED951A552F2100901AD3 /* SpurTests.xctest */;
			productType = "com.apple.product-type.bundle.unit-test";
		};
/* End PBXNativeTarget section */

/* Begin PBXProject section */
		E337ED711A552F2000901AD3 /* Project object */ = {
			isa = PBXProject;
			attributes = {
				LastUpgradeCheck = 0610;
				ORGANIZATIONNAME = "Shokunin-Software";
				TargetAttributes = {
					E337ED781A552F2000901AD3 = {
						CreatedOnToolsVersion = 6.1.1;
					};
					E337ED941A552F2100901AD3 = {
						CreatedOnToolsVersion = 6.1.1;
						TestTargetID = E337ED781A552F2000901AD3;
					};
				};
			};
			buildConfigurationList = E337ED741A552F2000901AD3 /* Build configuration list for PBXProject "Spur" */;
			compatibilityVersion = "Xcode 3.2";
			developmentRegion = English;
			hasScannedForEncodings = 0;
			knownRegions = (
				en,
				Base,
			);
			mainGroup = E337ED701A552F2000901AD3;
			productRefGroup = E337ED7A1A552F2000901AD3 /* Products */;
			projectDirPath = "";
			projectRoot = "";
			targets = (
				E337ED781A552F2000901AD3 /* Spur */,
				E337ED941A552F2100901AD3 /* SpurTests */,
			);
		};
/* End PBXProject section */

/* Begin PBXResourcesBuildPhase section */
		E337ED771A552F2000901AD3 /* Resources */ = {
			isa = PBXResourcesBuildPhase;
			buildActionMask = 2147483647;
			files = (
				E337ED8B1A552F2000901AD3 /* Main.storyboard in Resources */,
				E337ED901A552F2000901AD3 /* LaunchScreen.xib in Resources */,
				E337ED8D1A552F2000901AD3 /* Images.xcassets in Resources */,
			);
			runOnlyForDeploymentPostprocessing = 0;
		};
		E337ED931A552F2100901AD3 /* Resources */ = {
			isa = PBXResourcesBuildPhase;
			buildActionMask = 2147483647;
			files = (
			);
			runOnlyForDeploymentPostprocessing = 0;
		};
/* End PBXResourcesBuildPhase section */

/* Begin PBXSourcesBuildPhase section */
		E337ED751A552F2000901AD3 /* Sources */ = {
			isa = PBXSourcesBuildPhase;
			buildActionMask = 2147483647;
			files = (
				E337ED821A552F2000901AD3 /* AppDelegate.m in Sources */,
				E337ED851A552F2000901AD3 /* Spur.xcdatamodeld in Sources */,
				E337ED881A552F2000901AD3 /* LandingPageViewController.m in Sources */,
				E337ED7F1A552F2000901AD3 /* main.m in Sources */,
			);
			runOnlyForDeploymentPostprocessing = 0;
		};
		E337ED911A552F2100901AD3 /* Sources */ = {
			isa = PBXSourcesBuildPhase;
			buildActionMask = 2147483647;
			files = (
				E337ED9C1A552F2100901AD3 /* SpurTests.m in Sources */,
			);
			runOnlyForDeploymentPostprocessing = 0;
		};
/* End PBXSourcesBuildPhase section */

/* Begin PBXTargetDependency section */
		E337ED971A552F2100901AD3 /* PBXTargetDependency */ = {
			isa = PBXTargetDependency;
			target = E337ED781A552F2000901AD3 /* Spur */;
			targetProxy = E337ED961A552F2100901AD3 /* PBXContainerItemProxy */;
		};
/* End PBXTargetDependency section */

/* Begin PBXVariantGroup section */
		E337ED891A552F2000901AD3 /* Main.storyboard */ = {
			isa = PBXVariantGroup;
			children = (
				E337ED8A1A552F2000901AD3 /* Base */,
			);
			name = Main.storyboard;
			sourceTree = "<group>";
		};
		E337ED8E1A552F2000901AD3 /* LaunchScreen.xib */ = {
			isa = PBXVariantGroup;
			children = (
				E337ED8F1A552F2000901AD3 /* Base */,
			);
			name = LaunchScreen.xib;
			sourceTree = "<group>";
		};
/* End PBXVariantGroup section */

/* Begin XCBuildConfiguration section */
		E337ED9D1A552F2100901AD3 /* Debug */ = {
			isa = XCBuildConfiguration;
			buildSettings = {
				ALWAYS_SEARCH_USER_PATHS = NO;
				CLANG_CXX_LANGUAGE_STANDARD = "gnu++0x";
				CLANG_CXX_LIBRARY = "libc++";
				CLANG_ENABLE_MODULES = YES;
				CLANG_ENABLE_OBJC_ARC = YES;
				CLANG_WARN_BOOL_CONVERSION = YES;
				CLANG_WARN_CONSTANT_CONVERSION = YES;
				CLANG_WARN_DIRECT_OBJC_ISA_USAGE = YES_ERROR;
				CLANG_WARN_EMPTY_BODY = YES;
				CLANG_WARN_ENUM_CONVERSION = YES;
				CLANG_WARN_INT_CONVERSION = YES;
				CLANG_WARN_OBJC_ROOT_CLASS = YES_ERROR;
				CLANG_WARN_UNREACHABLE_CODE = YES;
				CLANG_WARN__DUPLICATE_METHOD_MATCH = YES;
				"CODE_SIGN_IDENTITY[sdk=iphoneos*]" = "iPhone Developer";
				COPY_PHASE_STRIP = NO;
				ENABLE_STRICT_OBJC_MSGSEND = YES;
				GCC_C_LANGUAGE_STANDARD = gnu99;
				GCC_DYNAMIC_NO_PIC = NO;
				GCC_OPTIMIZATION_LEVEL = 0;
				GCC_PREPROCESSOR_DEFINITIONS = (
					"DEBUG=1",
					"$(inherited)",
				);
				GCC_SYMBOLS_PRIVATE_EXTERN = NO;
				GCC_WARN_64_TO_32_BIT_CONVERSION = YES;
				GCC_WARN_ABOUT_RETURN_TYPE = YES_ERROR;
				GCC_WARN_UNDECLARED_SELECTOR = YES;
				GCC_WARN_UNINITIALIZED_AUTOS = YES_AGGRESSIVE;
				GCC_WARN_UNUSED_FUNCTION = YES;
				GCC_WARN_UNUSED_VARIABLE = YES;
				IPHONEOS_DEPLOYMENT_TARGET = 8.1;
				MTL_ENABLE_DEBUG_INFO = YES;
				ONLY_ACTIVE_ARCH = YES;
				SDKROOT = iphoneos;
				TARGETED_DEVICE_FAMILY = "1,2";
			};
			name = Debug;
		};
		E337ED9E1A552F2100901AD3 /* Release */ = {
			isa = XCBuildConfiguration;
			buildSettings = {
				ALWAYS_SEARCH_USER_PATHS = NO;
				CLANG_CXX_LANGUAGE_STANDARD = "gnu++0x";
				CLANG_CXX_LIBRARY = "libc++";
				CLANG_ENABLE_MODULES = YES;
				CLANG_ENABLE_OBJC_ARC = YES;
				CLANG_WARN_BOOL_CONVERSION = YES;
				CLANG_WARN_CONSTANT_CONVERSION = YES;
				CLANG_WARN_DIRECT_OBJC_ISA_USAGE = YES_ERROR;
				CLANG_WARN_EMPTY_BODY = YES;
				CLANG_WARN_ENUM_CONVERSION = YES;
				CLANG_WARN_INT_CONVERSION = YES;
				CLANG_WARN_OBJC_ROOT_CLASS = YES_ERROR;
				CLANG_WARN_UNREACHABLE_CODE = YES;
				CLANG_WARN__DUPLICATE_METHOD_MATCH = YES;
				"CODE_SIGN_IDENTITY[sdk=iphoneos*]" = "iPhone Developer";
				COPY_PHASE_STRIP = YES;
				ENABLE_NS_ASSERTIONS = NO;
				ENABLE_STRICT_OBJC_MSGSEND = YES;
				GCC_C_LANGUAGE_STANDARD = gnu99;
				GCC_WARN_64_TO_32_BIT_CONVERSION = YES;
				GCC_WARN_ABOUT_RETURN_TYPE = YES_ERROR;
				GCC_WARN_UNDECLARED_SELECTOR = YES;
				GCC_WARN_UNINITIALIZED_AUTOS = YES_AGGRESSIVE;
				GCC_WARN_UNUSED_FUNCTION = YES;
				GCC_WARN_UNUSED_VARIABLE = YES;
				IPHONEOS_DEPLOYMENT_TARGET = 8.1;
				MTL_ENABLE_DEBUG_INFO = NO;
				SDKROOT = iphoneos;
				TARGETED_DEVICE_FAMILY = "1,2";
				VALIDATE_PRODUCT = YES;
			};
			name = Release;
		};
		E337EDA01A552F2100901AD3 /* Debug */ = {
			isa = XCBuildConfiguration;
			buildSettings = {
				ASSETCATALOG_COMPILER_APPICON_NAME = AppIcon;
				INFOPLIST_FILE = Spur/Info.plist;
				LD_RUNPATH_SEARCH_PATHS = "$(inherited) @executable_path/Frameworks";
				PRODUCT_NAME = "$(TARGET_NAME)";
				TARGETED_DEVICE_FAMILY = 1;
			};
			name = Debug;
		};
		E337EDA11A552F2100901AD3 /* Release */ = {
			isa = XCBuildConfiguration;
			buildSettings = {
				ASSETCATALOG_COMPILER_APPICON_NAME = AppIcon;
				INFOPLIST_FILE = Spur/Info.plist;
				LD_RUNPATH_SEARCH_PATHS = "$(inherited) @executable_path/Frameworks";
				PRODUCT_NAME = "$(TARGET_NAME)";
				TARGETED_DEVICE_FAMILY = 1;
			};
			name = Release;
		};
		E337EDA31A552F2100901AD3 /* Debug */ = {
			isa = XCBuildConfiguration;
			buildSettings = {
				BUNDLE_LOADER = "$(TEST_HOST)";
				FRAMEWORK_SEARCH_PATHS = (
					"$(SDKROOT)/Developer/Library/Frameworks",
					"$(inherited)",
				);
				GCC_PREPROCESSOR_DEFINITIONS = (
					"DEBUG=1",
					"$(inherited)",
				);
				INFOPLIST_FILE = SpurTests/Info.plist;
				LD_RUNPATH_SEARCH_PATHS = "$(inherited) @executable_path/Frameworks @loader_path/Frameworks";
				PRODUCT_NAME = "$(TARGET_NAME)";
				TEST_HOST = "$(BUILT_PRODUCTS_DIR)/Spur.app/Spur";
			};
			name = Debug;
		};
		E337EDA41A552F2100901AD3 /* Release */ = {
			isa = XCBuildConfiguration;
			buildSettings = {
				BUNDLE_LOADER = "$(TEST_HOST)";
				FRAMEWORK_SEARCH_PATHS = (
					"$(SDKROOT)/Developer/Library/Frameworks",
					"$(inherited)",
				);
				INFOPLIST_FILE = SpurTests/Info.plist;
				LD_RUNPATH_SEARCH_PATHS = "$(inherited) @executable_path/Frameworks @loader_path/Frameworks";
				PRODUCT_NAME = "$(TARGET_NAME)";
				TEST_HOST = "$(BUILT_PRODUCTS_DIR)/Spur.app/Spur";
			};
			name = Release;
		};
/* End XCBuildConfiguration section */

/* Begin XCConfigurationList section */
		E337ED741A552F2000901AD3 /* Build configuration list for PBXProject "Spur" */ = {
			isa = XCConfigurationList;
			buildConfigurations = (
				E337ED9D1A552F2100901AD3 /* Debug */,
				E337ED9E1A552F2100901AD3 /* Release */,
			);
			defaultConfigurationIsVisible = 0;
			defaultConfigurationName = Release;
		};
		E337ED9F1A552F2100901AD3 /* Build configuration list for PBXNativeTarget "Spur" */ = {
			isa = XCConfigurationList;
			buildConfigurations = (
				E337EDA01A552F2100901AD3 /* Debug */,
				E337EDA11A552F2100901AD3 /* Release */,
			);
			defaultConfigurationIsVisible = 0;
			defaultConfigurationName = Release;
		};
		E337EDA21A552F2100901AD3 /* Build configuration list for PBXNativeTarget "SpurTests" */ = {
			isa = XCConfigurationList;
			buildConfigurations = (
				E337EDA31A552F2100901AD3 /* Debug */,
				E337EDA41A552F2100901AD3 /* Release */,
			);
			defaultConfigurationIsVisible = 0;
			defaultConfigurationName = Release;
		};
/* End XCConfigurationList section */

/* Begin XCVersionGroup section */
		E337ED831A552F2000901AD3 /* Spur.xcdatamodeld */ = {
			isa = XCVersionGroup;
			children = (
				E337ED841A552F2000901AD3 /* Spur.xcdatamodel */,
			);
			currentVersion = E337ED841A552F2000901AD3 /* Spur.xcdatamodel */;
			path = Spur.xcdatamodeld;
			sourceTree = "<group>";
			versionGroupType = wrapper.xcdatamodel;
		};
/* End XCVersionGroup section */
	};
	rootObject = E337ED711A552F2000901AD3 /* Project object */;
}
